
Microsoft Visual Studio Solution File, Format Version 12.00
# Visual Studio Version 17
VisualStudioVersion = 17.0.32112.339
MinimumVisualStudioVersion = 10.0.40219.1
Project("{FAE04EC0-301F-11D3-BF4B-00C04F79EFBC}") = "AFSS", "AFSS\AFSS.csproj", "{FC125595-411F-4261-BA52-A17032761023}"
EndProject
Global
	GlobalSection(SolutionConfigurationPlatforms) = preSolution
		Debug|Any CPU = Debug|Any CPU
		Release|Any CPU = Release|Any CPU
	EndGlobalSection
	GlobalSection(ProjectConfigurationPlatforms) = postSolution
		{FC125595-411F-4261-BA52-A17032761023}.Debug|Any CPU.ActiveCfg = Debug|Any CPU
		{FC125595-411F-4261-BA52-A17032761023}.Debug|Any CPU.Build.0 = Debug|Any CPU
		{FC125595-411F-4261-BA52-A17032761023}.Release|Any CPU.ActiveCfg = Release|Any CPU
		{FC125595-411F-4261-BA52-A17032761023}.Release|Any CPU.Build.0 = Release|Any CPU
	EndGlobalSection
	GlobalSection(SolutionProperties) = preSolution
		HideSolutionNode = FALSE
	EndGlobalSection
	GlobalSection(ExtensibilityGlobals) = postSolution
		SolutionGuid = {036BD194-8CE1-4964-BC91-7BF474EFB6F5}
	EndGlobalSection
EndGlobal
